// !$*UTF8*$!
{
	archiveVersion = 1;
	classes = {
	};
	objectVersion = 46;
	objects = {

/* Begin PBXBuildFile section */
		2B313499A6EF9574F24727F1 /* Pods_SouthWeekend.framework in Frameworks */ = {isa = PBXBuildFile; fileRef = 0D5728F2E50E03151ED44E0E /* Pods_SouthWeekend.framework */; };
		AEB6D1FA1E476259006A23EB /* AppDelegate.swift in Sources */ = {isa = PBXBuildFile; fileRef = AEB6D1F91E476259006A23EB /* AppDelegate.swift */; };
		AEB6D1FC1E47625A006A23EB /* ViewController.swift in Sources */ = {isa = PBXBuildFile; fileRef = AEB6D1FB1E47625A006A23EB /* ViewController.swift */; };
		AEB6D1FF1E47625A006A23EB /* Main.storyboard in Resources */ = {isa = PBXBuildFile; fileRef = AEB6D1FD1E47625A006A23EB /* Main.storyboard */; };
		AEB6D2011E47625A006A23EB /* Assets.xcassets in Resources */ = {isa = PBXBuildFile; fileRef = AEB6D2001E47625A006A23EB /* Assets.xcassets */; };
		AEB6D2041E47625A006A23EB /* LaunchScreen.storyboard in Resources */ = {isa = PBXBuildFile; fileRef = AEB6D2021E47625A006A23EB /* LaunchScreen.storyboard */; };
/* End PBXBuildFile section */

/* Begin PBXFileReference section */
		0D5728F2E50E03151ED44E0E /* Pods_SouthWeekend.framework */ = {isa = PBXFileReference; explicitFileType = wrapper.framework; includeInIndex = 0; path = Pods_SouthWeekend.framework; sourceTree = BUILT_PRODUCTS_DIR; };
		43DFAE12143C00927741E666 /* Pods-SouthWeekend.release.xcconfig */ = {isa = PBXFileReference; includeInIndex = 1; lastKnownFileType = text.xcconfig; name = "Pods-SouthWeekend.release.xcconfig"; path = "Pods/Target Support Files/Pods-SouthWeekend/Pods-SouthWeekend.release.xcconfig"; sourceTree = "<group>"; };
		6A01D0F4D262E1DD405011A2 /* Pods-SouthWeekend.debug.xcconfig */ = {isa = PBXFileReference; includeInIndex = 1; lastKnownFileType = text.xcconfig; name = "Pods-SouthWeekend.debug.xcconfig"; path = "Pods/Target Support Files/Pods-SouthWeekend/Pods-SouthWeekend.debug.xcconfig"; sourceTree = "<group>"; };
		AEB6D1F61E476259006A23EB /* SouthWeekend.app */ = {isa = PBXFileReference; explicitFileType = wrapper.application; includeInIndex = 0; path = SouthWeekend.app; sourceTree = BUILT_PRODUCTS_DIR; };
		AEB6D1F91E476259006A23EB /* AppDelegate.swift */ = {isa = PBXFileReference; lastKnownFileType = sourcecode.swift; path = AppDelegate.swift; sourceTree = "<group>"; };
		AEB6D1FB1E47625A006A23EB /* ViewController.swift */ = {isa = PBXFileReference; lastKnownFileType = sourcecode.swift; path = ViewController.swift; sourceTree = "<group>"; };
		AEB6D1FE1E47625A006A23EB /* Base */ = {isa = PBXFileReference; lastKnownFileType = file.storyboard; name = Base; path = Base.lproj/Main.storyboard; sourceTree = "<group>"; };
		AEB6D2001E47625A006A23EB /* Assets.xcassets */ = {isa = PBXFileReference; lastKnownFileType = folder.assetcatalog; path = Assets.xcassets; sourceTree = "<group>"; };
		AEB6D2031E47625A006A23EB /* Base */ = {isa = PBXFileReference; lastKnownFileType = file.storyboard; name = Base; path = Base.lproj/LaunchScreen.storyboard; sourceTree = "<group>"; };
		AEB6D2051E47625A006A23EB /* Info.plist */ = {isa = PBXFileReference; lastKnownFileType = text.plist.xml; path = Info.plist; sourceTree = "<group>"; };
/* End PBXFileReference section */

/* Begin PBXFrameworksBuildPhase section */
		AEB6D1F31E476259006A23EB /* Frameworks */ = {
			isa = PBXFrameworksBuildPhase;
			buildActionMask = 2147483647;
			files = (
				2B313499A6EF9574F24727F1 /* Pods_SouthWeekend.framework in Frameworks */,
			);
			runOnlyForDeploymentPostprocessing = 0;
		};
/* End PBXFrameworksBuildPhase section */

/* Begin PBXGroup section */
		912E89A2B4A65B7121ABD3BA /* Frameworks */ = {
			isa = PBXGroup;
			children = (
				0D5728F2E50E03151ED44E0E /* Pods_SouthWeekend.framework */,
			);
			name = Frameworks;
			sourceTree = "<group>";
		};
		AEB6D1ED1E476259006A23EB = {
			isa = PBXGroup;
			children = (
				AEB6D1F81E476259006A23EB /* SouthWeekend */,
				AEB6D1F71E476259006A23EB /* Products */,
				E3B7751813D274EA82876452 /* Pods */,
				912E89A2B4A65B7121ABD3BA /* Frameworks */,
			);
			sourceTree = "<group>";
		};
		AEB6D1F71E476259006A23EB /* Products */ = {
			isa = PBXGroup;
			children = (
				AEB6D1F61E476259006A23EB /* SouthWeekend.app */,
			);
			name = Products;
			sourceTree = "<group>";
		};
		AEB6D1F81E476259006A23EB /* SouthWeekend */ = {
			isa = PBXGroup;
			children = (
				AEB6D2131E4762FE006A23EB /* Supporting Files */,
				AEB6D2121E4762E9006A23EB /* Util */,
				AEB6D20C1E47627B006A23EB /* UI */,
				AEB6D20B1E476273006A23EB /* Model */,
				AEB6D20D1E476281006A23EB /* Network */,
				AEB6D1F91E476259006A23EB /* AppDelegate.swift */,
				AEB6D1FD1E47625A006A23EB /* Main.storyboard */,
				AEB6D2001E47625A006A23EB /* Assets.xcassets */,
				AEB6D2021E47625A006A23EB /* LaunchScreen.storyboard */,
				AEB6D2051E47625A006A23EB /* Info.plist */,
			);
			path = SouthWeekend;
			sourceTree = "<group>";
		};
		AEB6D20B1E476273006A23EB /* Model */ = {
			isa = PBXGroup;
			children = (
			);
			path = Model;
			sourceTree = "<group>";
		};
		AEB6D20C1E47627B006A23EB /* UI */ = {
			isa = PBXGroup;
			children = (
				AEB6D1FB1E47625A006A23EB /* ViewController.swift */,
			);
			path = UI;
			sourceTree = "<group>";
		};
		AEB6D20D1E476281006A23EB /* Network */ = {
			isa = PBXGroup;
			children = (
			);
			path = Network;
			sourceTree = "<group>";
		};
		AEB6D2121E4762E9006A23EB /* Util */ = {
			isa = PBXGroup;
			children = (
			);
			path = Util;
			sourceTree = "<group>";
		};
		AEB6D2131E4762FE006A23EB /* Supporting Files */ = {
			isa = PBXGroup;
			children = (
			);
			path = "Supporting Files";
			sourceTree = "<group>";
		};
		E3B7751813D274EA82876452 /* Pods */ = {
			isa = PBXGroup;
			children = (
				6A01D0F4D262E1DD405011A2 /* Pods-SouthWeekend.debug.xcconfig */,
				43DFAE12143C00927741E666 /* Pods-SouthWeekend.release.xcconfig */,
			);
			name = Pods;
			sourceTree = "<group>";
		};
/* End PBXGroup section */

/* Begin PBXNativeTarget section */
		AEB6D1F51E476259006A23EB /* SouthWeekend */ = {
			isa = PBXNativeTarget;
			buildConfigurationList = AEB6D2081E47625A006A23EB /* Build configuration list for PBXNativeTarget "SouthWeekend" */;
			buildPhases = (
				C297F231403BDDB4F58BD047 /* [CP] Check Pods Manifest.lock */,
				AEB6D1F21E476259006A23EB /* Sources */,
				AEB6D1F31E476259006A23EB /* Frameworks */,
				AEB6D1F41E476259006A23EB /* Resources */,
				B98B6DC8038909DA4E2A032D /* [CP] Embed Pods Frameworks */,
				31EF93DCFD1BD21F761E97B2 /* [CP] Copy Pods Resources */,
			);
			buildRules = (
			);
			dependencies = (
			);
			name = SouthWeekend;
			productName = SouthWeekend;
			productReference = AEB6D1F61E476259006A23EB /* SouthWeekend.app */;
			productType = "com.apple.product-type.application";
		};
/* End PBXNativeTarget section */

/* Begin PBXProject section */
		AEB6D1EE1E476259006A23EB /* Project object */ = {
			isa = PBXProject;
			attributes = {
				LastSwiftUpdateCheck = 0800;
				LastUpgradeCheck = 0800;
				ORGANIZATIONNAME = suisuiyi;
				TargetAttributes = {
					AEB6D1F51E476259006A23EB = {
						CreatedOnToolsVersion = 8.0;
						LastSwiftMigration = 0800;
						ProvisioningStyle = Automatic;
					};
				};
			};
			buildConfigurationList = AEB6D1F11E476259006A23EB /* Build configuration list for PBXProject "SouthWeekend" */;
			compatibilityVersion = "Xcode 3.2";
			developmentRegion = English;
			hasScannedForEncodings = 0;
			knownRegions = (
				en,
				Base,
			);
			mainGroup = AEB6D1ED1E476259006A23EB;
			productRefGroup = AEB6D1F71E476259006A23EB /* Products */;
			projectDirPath = "";
			projectRoot = "";
			targets = (
				AEB6D1F51E476259006A23EB /* SouthWeekend */,
			);
		};
/* End PBXProject section */

/* Begin PBXResourcesBuildPhase section */
		AEB6D1F41E476259006A23EB /* Resources */ = {
			isa = PBXResourcesBuildPhase;
			buildActionMask = 2147483647;
			files = (
				AEB6D2041E47625A006A23EB /* LaunchScreen.storyboard in Resources */,
				AEB6D2011E47625A006A23EB /* Assets.xcassets in Resources */,
				AEB6D1FF1E47625A006A23EB /* Main.storyboard in Resources */,
			);
			runOnlyForDeploymentPostprocessing = 0;
		};
/* End PBXResourcesBuildPhase section */

/* Begin PBXShellScriptBuildPhase section */
		31EF93DCFD1BD21F761E97B2 /* [CP] Copy Pods Resources */ = {
			isa = PBXShellScriptBuildPhase;
			buildActionMask = 2147483647;
			files = (
			);
			inputPaths = (
			);
			name = "[CP] Copy Pods Resources";
			outputPaths = (
			);
			runOnlyForDeploymentPostprocessing = 0;
			shellPath = /bin/sh;
			shellScript = "\"${SRCROOT}/Pods/Target Support Files/Pods-SouthWeekend/Pods-SouthWeekend-resources.sh\"\n";
			showEnvVarsInLog = 0;
		};
		B98B6DC8038909DA4E2A032D /* [CP] Embed Pods Frameworks */ = {
			isa = PBXShellScriptBuildPhase;
			buildActionMask = 2147483647;
			files = (
			);
			inputPaths = (
			);
			name = "[CP] Embed Pods Frameworks";
			outputPaths = (
			);
			runOnlyForDeploymentPostprocessing = 0;
			shellPath = /bin/sh;
			shellScript = "\"${SRCROOT}/Pods/Target Support Files/Pods-SouthWeekend/Pods-SouthWeekend-frameworks.sh\"\n";
			showEnvVarsInLog = 0;
		};
		C297F231403BDDB4F58BD047 /* [CP] Check Pods Manifest.lock */ = {
			isa = PBXShellScriptBuildPhase;
			buildActionMask = 2147483647;
			files = (
			);
			inputPaths = (
			);
			name = "[CP] Check Pods Manifest.lock";
			outputPaths = (
			);
			runOnlyForDeploymentPostprocessing = 0;
			shellPath = /bin/sh;
			shellScript = "diff \"${PODS_ROOT}/../Podfile.lock\" \"${PODS_ROOT}/Manifest.lock\" > /dev/null\nif [[ $? != 0 ]] ; then\n    cat << EOM\nerror: The sandbox is not in sync with the Podfile.lock. Run 'pod install' or update your CocoaPods installation.\nEOM\n    exit 1\nfi\n";
			showEnvVarsInLog = 0;
		};
/* End PBXShellScriptBuildPhase section */

/* Begin PBXSourcesBuildPhase section */
		AEB6D1F21E476259006A23EB /* Sources */ = {
			isa = PBXSourcesBuildPhase;
			buildActionMask = 2147483647;
			files = (
				AEB6D1FC1E47625A006A23EB /* ViewController.swift in Sources */,
				AEB6D1FA1E476259006A23EB /* AppDelegate.swift in Sources */,
			);
			runOnlyForDeploymentPostprocessing = 0;
		};
/* End PBXSourcesBuildPhase section */

/* Begin PBXVariantGroup section */
		AEB6D1FD1E47625A006A23EB /* Main.storyboard */ = {
			isa = PBXVariantGroup;
			children = (
				AEB6D1FE1E47625A006A23EB /* Base */,
			);
			name = Main.storyboard;
			sourceTree = "<group>";
		};
		AEB6D2021E47625A006A23EB /* LaunchScreen.storyboard */ = {
			isa = PBXVariantGroup;
			children = (
				AEB6D2031E47625A006A23EB /* Base */,
			);
			name = LaunchScreen.storyboard;
			sourceTree = "<group>";
		};
/* End PBXVariantGroup section */

/* Begin XCBuildConfiguration section */
		AEB6D2061E47625A006A23EB /* Debug */ = {
			isa = XCBuildConfiguration;
			buildSettings = {
				ALWAYS_SEARCH_USER_PATHS = NO;
				CLANG_ANALYZER_NONNULL = YES;
				CLANG_CXX_LANGUAGE_STANDARD = "gnu++0x";
				CLANG_CXX_LIBRARY = "libc++";
				CLANG_ENABLE_MODULES = YES;
				CLANG_ENABLE_OBJC_ARC = YES;
				CLANG_WARN_BOOL_CONVERSION = YES;
				CLANG_WARN_CONSTANT_CONVERSION = YES;
				CLANG_WARN_DIRECT_OBJC_ISA_USAGE = YES_ERROR;
				CLANG_WARN_DOCUMENTATION_COMMENTS = YES;
				CLANG_WARN_EMPTY_BODY = YES;
				CLANG_WARN_ENUM_CONVERSION = YES;
				CLANG_WARN_INFINITE_RECURSION = YES;
				CLANG_WARN_INT_CONVERSION = YES;
				CLANG_WARN_OBJC_ROOT_CLASS = YES_ERROR;
				CLANG_WARN_SUSPICIOUS_MOVES = YES;
				CLANG_WARN_UNREACHABLE_CODE = YES;
				CLANG_WARN__DUPLICATE_METHOD_MATCH = YES;
				"CODE_SIGN_IDENTITY[sdk=iphoneos*]" = "iPhone Developer";
				COPY_PHASE_STRIP = NO;
				DEBUG_INFORMATION_FORMAT = dwarf;
				ENABLE_STRICT_OBJC_MSGSEND = YES;
				ENABLE_TESTABILITY = YES;
				GCC_C_LANGUAGE_STANDARD = gnu99;
				GCC_DYNAMIC_NO_PIC = NO;
				GCC_NO_COMMON_BLOCKS = YES;
				GCC_OPTIMIZATION_LEVEL = 0;
				GCC_PREPROCESSOR_DEFINITIONS = (
					"DEBUG=1",
					"$(inherited)",
				);
				GCC_WARN_64_TO_32_BIT_CONVERSION = YES;
				GCC_WARN_ABOUT_RETURN_TYPE = YES_ERROR;
				GCC_WARN_UNDECLARED_SELECTOR = YES;
				GCC_WARN_UNINITIALIZED_AUTOS = YES_AGGRESSIVE;
				GCC_WARN_UNUSED_FUNCTION = YES;
				GCC_WARN_UNUSED_VARIABLE = YES;
				IPHONEOS_DEPLOYMENT_TARGET = 10.0;
				MTL_ENABLE_DEBUG_INFO = YES;
				ONLY_ACTIVE_ARCH = YES;
				SDKROOT = iphoneos;
				SWIFT_ACTIVE_COMPILATION_CONDITIONS = DEBUG;
				SWIFT_OPTIMIZATION_LEVEL = "-Onone";
			};
			name = Debug;
		};
		AEB6D2071E47625A006A23EB /* Release */ = {
			isa = XCBuildConfiguration;
			buildSettings = {
				ALWAYS_SEARCH_USER_PATHS = NO;
				CLANG_ANALYZER_NONNULL = YES;
				CLANG_CXX_LANGUAGE_STANDARD = "gnu++0x";
				CLANG_CXX_LIBRARY = "libc++";
				CLANG_ENABLE_MODULES = YES;
				CLANG_ENABLE_OBJC_ARC = YES;
				CLANG_WARN_BOOL_CONVERSION = YES;
				CLANG_WARN_CONSTANT_CONVERSION = YES;
				CLANG_WARN_DIRECT_OBJC_ISA_USAGE = YES_ERROR;
				CLANG_WARN_DOCUMENTATION_COMMENTS = YES;
				CLANG_WARN_EMPTY_BODY = YES;
				CLANG_WARN_ENUM_CONVERSION = YES;
				CLANG_WARN_INFINITE_RECURSION = YES;
				CLANG_WARN_INT_CONVERSION = YES;
				CLANG_WARN_OBJC_ROOT_CLASS = YES_ERROR;
				CLANG_WARN_SUSPICIOUS_MOVES = YES;
				CLANG_WARN_UNREACHABLE_CODE = YES;
				CLANG_WARN__DUPLICATE_METHOD_MATCH = YES;
				"CODE_SIGN_IDENTITY[sdk=iphoneos*]" = "iPhone Developer";
				COPY_PHASE_STRIP = NO;
				DEBUG_INFORMATION_FORMAT = "dwarf-with-dsym";
				ENABLE_NS_ASSERTIONS = NO;
				ENABLE_STRICT_OBJC_MSGSEND = YES;
				GCC_C_LANGUAGE_STANDARD = gnu99;
				GCC_NO_COMMON_BLOCKS = YES;
				GCC_WARN_64_TO_32_BIT_CONVERSION = YES;
				GCC_WARN_ABOUT_RETURN_TYPE = YES_ERROR;
				GCC_WARN_UNDECLARED_SELECTOR = YES;
				GCC_WARN_UNINITIALIZED_AUTOS = YES_AGGRESSIVE;
				GCC_WARN_UNUSED_FUNCTION = YES;
				GCC_WARN_UNUSED_VARIABLE = YES;
				IPHONEOS_DEPLOYMENT_TARGET = 10.0;
				MTL_ENABLE_DEBUG_INFO = NO;
				SDKROOT = iphoneos;
				SWIFT_OPTIMIZATION_LEVEL = "-Owholemodule";
				VALIDATE_PRODUCT = YES;
			};
			name = Release;
		};
		AEB6D2091E47625A006A23EB /* Debug */ = {
			isa = XCBuildConfiguration;
			baseConfigurationReference = 6A01D0F4D262E1DD405011A2 /* Pods-SouthWeekend.debug.xcconfig */;
			buildSettings = {
				ASSETCATALOG_COMPILER_APPICON_NAME = AppIcon;
				ASSETCATALOG_COMPILER_LAUNCHIMAGE_NAME = LaunchImage;
				INFOPLIST_FILE = SouthWeekend/Info.plist;
				LD_RUNPATH_SEARCH_PATHS = "$(inherited) @executable_path/Frameworks";
				PRODUCT_BUNDLE_IDENTIFIER = self.edu.SouthWeekend;
				PRODUCT_NAME = "$(TARGET_NAME)";
				SWIFT_VERSION = 3.0;
			};
			name = Debug;
		};
		AEB6D20A1E47625A006A23EB /* Release */ = {
			isa = XCBuildConfiguration;
			baseConfigurationReference = 43DFAE12143C00927741E666 /* Pods-SouthWeekend.release.xcconfig */;
			buildSettings = {
				ASSETCATALOG_COMPILER_APPICON_NAME = AppIcon;
				ASSETCATALOG_COMPILER_LAUNCHIMAGE_NAME = LaunchImage;
				INFOPLIST_FILE = SouthWeekend/Info.plist;
				LD_RUNPATH_SEARCH_PATHS = "$(inherited) @executable_path/Frameworks";
				PRODUCT_BUNDLE_IDENTIFIER = self.edu.SouthWeekend;
				PRODUCT_NAME = "$(TARGET_NAME)";
				SWIFT_VERSION = 3.0;
			};
			name = Release;
		};
/* End XCBuildConfiguration section */

/* Begin XCConfigurationList section */
		AEB6D1F11E476259006A23EB /* Build configuration list for PBXProject "SouthWeekend" */ = {
			isa = XCConfigurationList;
			buildConfigurations = (
				AEB6D2061E47625A006A23EB /* Debug */,
				AEB6D2071E47625A006A23EB /* Release */,
			);
			defaultConfigurationIsVisible = 0;
			defaultConfigurationName = Release;
		};
		AEB6D2081E47625A006A23EB /* Build configuration list for PBXNativeTarget "SouthWeekend" */ = {
			isa = XCConfigurationList;
			buildConfigurations = (
				AEB6D2091E47625A006A23EB /* Debug */,
				AEB6D20A1E47625A006A23EB /* Release */,
			);
			defaultConfigurationIsVisible = 0;
			defaultConfigurationName = Release;
		};
/* End XCConfigurationList section */
	};
	rootObject = AEB6D1EE1E476259006A23EB /* Project object */;
}
